
Microsoft Visual Studio Solution File, Format Version 12.00
# Visual Studio Version 17
VisualStudioVersion = 17.8.34322.80
MinimumVisualStudioVersion = 10.0.40219.1
Project("{9A19103F-16F7-4668-BE54-9A1E7A4F7556}") = "MyClub.WebAPI", "MyClub.WebAPI\MyClub.WebAPI.csproj", "{CBC3C2D9-05A9-48C9-B815-CAEDE2097103}"
EndProject
Project("{FAE04EC0-301F-11D3-BF4B-00C04F79EFBC}") = "MyClub.Services", "MyClub.Services\MyClub.Services.csproj", "{8B0A3913-CEBC-4FA7-A095-037B4CA67D6E}"
EndProject
Project("{FAE04EC0-301F-11D3-BF4B-00C04F79EFBC}") = "MyClub.Model", "MyClub.Model\MyClub.Model.csproj", "{8B1F0B9E-225A-4A8A-9849-D383C6143B2E}"
EndProject
Global
	GlobalSection(SolutionConfigurationPlatforms) = preSolution
		Debug|Any CPU = Debug|Any CPU
		Release|Any CPU = Release|Any CPU
	EndGlobalSection
	GlobalSection(ProjectConfigurationPlatforms) = postSolution
		{CBC3C2D9-05A9-48C9-B815-CAEDE2097103}.Debug|Any CPU.ActiveCfg = Debug|Any CPU
		{CBC3C2D9-05A9-48C9-B815-CAEDE2097103}.Debug|Any CPU.Build.0 = Debug|Any CPU
		{CBC3C2D9-05A9-48C9-B815-CAEDE2097103}.Release|Any CPU.ActiveCfg = Release|Any CPU
		{CBC3C2D9-05A9-48C9-B815-CAEDE2097103}.Release|Any CPU.Build.0 = Release|Any CPU
		{8B0A3913-CEBC-4FA7-A095-037B4CA67D6E}.Debug|Any CPU.ActiveCfg = Debug|Any CPU
		{8B0A3913-CEBC-4FA7-A095-037B4CA67D6E}.Debug|Any CPU.Build.0 = Debug|Any CPU
		{8B0A3913-CEBC-4FA7-A095-037B4CA67D6E}.Release|Any CPU.ActiveCfg = Release|Any CPU
		{8B0A3913-CEBC-4FA7-A095-037B4CA67D6E}.Release|Any CPU.Build.0 = Release|Any CPU
		{8B1F0B9E-225A-4A8A-9849-D383C6143B2E}.Debug|Any CPU.ActiveCfg = Debug|Any CPU
		{8B1F0B9E-225A-4A8A-9849-D383C6143B2E}.Debug|Any CPU.Build.0 = Debug|Any CPU
		{8B1F0B9E-225A-4A8A-9849-D383C6143B2E}.Release|Any CPU.ActiveCfg = Release|Any CPU
		{8B1F0B9E-225A-4A8A-9849-D383C6143B2E}.Release|Any CPU.Build.0 = Release|Any CPU
	EndGlobalSection
	GlobalSection(SolutionProperties) = preSolution
		HideSolutionNode = FALSE
	EndGlobalSection
	GlobalSection(ExtensibilityGlobals) = postSolution
		SolutionGuid = {C0E6017E-FF96-4C6A-9703-D779AFE90583}
	EndGlobalSection
EndGlobal
